
Microsoft Visual Studio Solution File, Format Version 12.00
# Visual Studio 15
VisualStudioVersion = 15.0.35213.121
MinimumVisualStudioVersion = 10.0.40219.1
Project("{FAE04EC0-301F-11D3-BF4B-00C04F79EFBC}") = "CalisanRolMaas", "CalisanRolMaas\CalisanRolMaas.csproj", "{3573B643-F1C1-415A-9F9A-27374AD742EA}"
EndProject
Global
	GlobalSection(SolutionConfigurationPlatforms) = preSolution
		Debug|Any CPU = Debug|Any CPU
		Release|Any CPU = Release|Any CPU
	EndGlobalSection
	GlobalSection(ProjectConfigurationPlatforms) = postSolution
		{3573B643-F1C1-415A-9F9A-27374AD742EA}.Debug|Any CPU.ActiveCfg = Debug|Any CPU
		{3573B643-F1C1-415A-9F9A-27374AD742EA}.Debug|Any CPU.Build.0 = Debug|Any CPU
		{3573B643-F1C1-415A-9F9A-27374AD742EA}.Release|Any CPU.ActiveCfg = Release|Any CPU
		{3573B643-F1C1-415A-9F9A-27374AD742EA}.Release|Any CPU.Build.0 = Release|Any CPU
	EndGlobalSection
	GlobalSection(SolutionProperties) = preSolution
		HideSolutionNode = FALSE
	EndGlobalSection
	GlobalSection(ExtensibilityGlobals) = postSolution
		SolutionGuid = {68B2E57A-1011-46ED-B2D0-278DD9D6BAE1}
	EndGlobalSection
EndGlobal
