
Microsoft Visual Studio Solution File, Format Version 12.00
# Visual Studio 15
VisualStudioVersion = 15.0.35213.121
MinimumVisualStudioVersion = 10.0.40219.1
Project("{FAE04EC0-301F-11D3-BF4B-00C04F79EFBC}") = "KatmanOtopark", "KatmanOtopark\KatmanOtopark.csproj", "{05311A98-F75A-4BD7-9B4B-ED0DBB7D6AF2}"
EndProject
Global
	GlobalSection(SolutionConfigurationPlatforms) = preSolution
		Debug|Any CPU = Debug|Any CPU
		Release|Any CPU = Release|Any CPU
	EndGlobalSection
	GlobalSection(ProjectConfigurationPlatforms) = postSolution
		{05311A98-F75A-4BD7-9B4B-ED0DBB7D6AF2}.Debug|Any CPU.ActiveCfg = Debug|Any CPU
		{05311A98-F75A-4BD7-9B4B-ED0DBB7D6AF2}.Debug|Any CPU.Build.0 = Debug|Any CPU
		{05311A98-F75A-4BD7-9B4B-ED0DBB7D6AF2}.Release|Any CPU.ActiveCfg = Release|Any CPU
		{05311A98-F75A-4BD7-9B4B-ED0DBB7D6AF2}.Release|Any CPU.Build.0 = Release|Any CPU
	EndGlobalSection
	GlobalSection(SolutionProperties) = preSolution
		HideSolutionNode = FALSE
	EndGlobalSection
	GlobalSection(ExtensibilityGlobals) = postSolution
		SolutionGuid = {51F08FB7-609B-47FA-BCFC-8317D7C2F62B}
	EndGlobalSection
EndGlobal
