
Microsoft Visual Studio Solution File, Format Version 12.00
# Visual Studio 15
VisualStudioVersion = 15.0.35213.121
MinimumVisualStudioVersion = 10.0.40219.1
Project("{FAE04EC0-301F-11D3-BF4B-00C04F79EFBC}") = "ZamanIslem", "ZamanIslem\ZamanIslem.csproj", "{3ABFD146-2556-4746-BA54-35E596394E04}"
EndProject
Global
	GlobalSection(SolutionConfigurationPlatforms) = preSolution
		Debug|Any CPU = Debug|Any CPU
		Release|Any CPU = Release|Any CPU
	EndGlobalSection
	GlobalSection(ProjectConfigurationPlatforms) = postSolution
		{3ABFD146-2556-4746-BA54-35E596394E04}.Debug|Any CPU.ActiveCfg = Debug|Any CPU
		{3ABFD146-2556-4746-BA54-35E596394E04}.Debug|Any CPU.Build.0 = Debug|Any CPU
		{3ABFD146-2556-4746-BA54-35E596394E04}.Release|Any CPU.ActiveCfg = Release|Any CPU
		{3ABFD146-2556-4746-BA54-35E596394E04}.Release|Any CPU.Build.0 = Release|Any CPU
	EndGlobalSection
	GlobalSection(SolutionProperties) = preSolution
		HideSolutionNode = FALSE
	EndGlobalSection
	GlobalSection(ExtensibilityGlobals) = postSolution
		SolutionGuid = {A55F2591-C0B6-4E6C-A447-DF19E744C9D8}
	EndGlobalSection
EndGlobal
